Microsoft Visual Studio Solution File, Format Version 12.00
# Visual Studio Version 17
VisualStudioVersion = 17.5.2.0
MinimumVisualStudioVersion = 10.0.40219.1
Project("{FAE04EC0-301F-11D3-BF4B-00C04F79EFBC}") = "ProjectW3", "ProjectW3.csproj", "{CEC91ACF-60ED-A3F3-5140-B8ED1F46BA4A}"
EndProject
Global
	GlobalSection(SolutionConfigurationPlatforms) = preSolution
		Debug|Any CPU = Debug|Any CPU
		Release|Any CPU = Release|Any CPU
	EndGlobalSection
	GlobalSection(ProjectConfigurationPlatforms) = postSolution
		{CEC91ACF-60ED-A3F3-5140-B8ED1F46BA4A}.Debug|Any CPU.ActiveCfg = Debug|Any CPU
		{CEC91ACF-60ED-A3F3-5140-B8ED1F46BA4A}.Debug|Any CPU.Build.0 = Debug|Any CPU
		{CEC91ACF-60ED-A3F3-5140-B8ED1F46BA4A}.Release|Any CPU.ActiveCfg = Release|Any CPU
		{CEC91ACF-60ED-A3F3-5140-B8ED1F46BA4A}.Release|Any CPU.Build.0 = Release|Any CPU
	EndGlobalSection
	GlobalSection(SolutionProperties) = preSolution
		HideSolutionNode = FALSE
	EndGlobalSection
	GlobalSection(ExtensibilityGlobals) = postSolution
		SolutionGuid = {050C4442-8EE3-4A4A-8D33-1D7B35E955BF}
	EndGlobalSection
EndGlobal
